<?xml version="1.0" encoding="utf-8"?>
<Project ToolsVersion="4.0" xmlns="http://schemas.microsoft.com/developer/msbuild/2003">
  <ItemGroup>
    <Filter Include="Source Files">
      <UniqueIdentifier>{4FC737F1-C7A5-4376-A066-2A32D752A2FF}</UniqueIdentifier>
      <Extensions>qml;cpp;c;cc;cxx;def;odl;idl;hpj;bat;asm;asmx</Extensions>
    </Filter>
    <Filter Include="Resource Files">
      <UniqueIdentifier>{67DA6AB6-F800-4c08-8B7A-83BB121AAD01}</UniqueIdentifier>
      <Extensions>qrc;rc;ico;cur;bmp;dlg;rc2;rct;bin;rgs;gif;jpg;jpeg;jpe;resx;tiff;tif;png;wav;mfcribbon-ms</Extensions>
    </Filter>
    <Filter Include="Translation Files">
      <UniqueIdentifier>{639EADAA-A684-42e4-A9AD-28FC9BCB8F7C}</UniqueIdentifier>
      <Extensions>ts</Extensions>
    </Filter>
    <Filter Include="Source Files\Widgets">
      <UniqueIdentifier>{d306aae8-51d9-438b-a311-09960a07d3fe}</UniqueIdentifier>
    </Filter>
    <Filter Include="Source Files\Formats">
      <UniqueIdentifier>{8a801267-ace8-4e75-8151-c0f92b0b6a3c}</UniqueIdentifier>
    </Filter>
    <Filter Include="Source Files\Formats\Import">
      <UniqueIdentifier>{e14ff03b-7eb9-4331-a4bb-4e53392da07e}</UniqueIdentifier>
    </Filter>
    <Filter Include="Source Files\Dependencies">
      <UniqueIdentifier>{241c67d2-69d1-41e6-9561-ccc415c7b028}</UniqueIdentifier>
    </Filter>
    <Filter Include="Source Files\Dependencies\libpng">
      <UniqueIdentifier>{051a6cf0-1ea0-4295-9920-fb4e84483aed}</UniqueIdentifier>
    </Filter>
    <Filter Include="Source Files\Dependencies\zlib">
      <UniqueIdentifier>{ff80af33-a572-4427-b67a-13824dd3ee3b}</UniqueIdentifier>
    </Filter>
    <Filter Include="Source Files\Dependencies\libimagequant">
      <UniqueIdentifier>{20e52d37-35d4-4702-b94c-398f677f5e12}</UniqueIdentifier>
    </Filter>
    <Filter Include="Source Files\Animation">
      <UniqueIdentifier>{0e6c49c4-8a8a-4930-ba51-0aacad6b7743}</UniqueIdentifier>
    </Filter>
    <Filter Include="Forms">
      <UniqueIdentifier>{741df92e-31ff-4071-993e-1a3321bdddc0}</UniqueIdentifier>
    </Filter>
    <Filter Include="Source Files\Windows">
      <UniqueIdentifier>{5676b60b-b455-4a03-b1aa-ea8f4c066a20}</UniqueIdentifier>
    </Filter>
    <Filter Include="Source Files\Dependencies\apngdisassembler">
      <UniqueIdentifier>{aec6ca12-b6fc-45c0-a670-46d69e1f52df}</UniqueIdentifier>
    </Filter>
  </ItemGroup>
  <ItemGroup>
    <QtRcc Include="AnimStudio.qrc">
      <Filter>Resource Files</Filter>
    </QtRcc>
  </ItemGroup>
  <ItemGroup>
    <ClCompile Include="main.cpp">
      <Filter>Source Files</Filter>
    </ClCompile>
    <ClCompile Include="Widgets\SpinnerWidget.cpp">
      <Filter>Source Files\Widgets</Filter>
    </ClCompile>
    <ClCompile Include="Formats\Import\EffImporter.cpp">
      <Filter>Source Files\Formats\Import</Filter>
    </ClCompile>
    <ClCompile Include="Formats\Import\RawImporter.cpp">
      <Filter>Source Files\Formats\Import</Filter>
    </ClCompile>
    <ClCompile Include="Formats\Import\AniImporter.cpp">
      <Filter>Source Files\Formats\Import</Filter>
    </ClCompile>
    <ClCompile Include="Formats\Import\ApngImporter.cpp">
      <Filter>Source Files\Formats\Import</Filter>
    </ClCompile>
    <ClCompile Include="Dependencies\libpng\png.c">
      <Filter>Source Files\Dependencies\libpng</Filter>
    </ClCompile>
    <ClCompile Include="Dependencies\libpng\pngerror.c">
      <Filter>Source Files\Dependencies\libpng</Filter>
    </ClCompile>
    <ClCompile Include="Dependencies\libpng\pngget.c">
      <Filter>Source Files\Dependencies\libpng</Filter>
    </ClCompile>
    <ClCompile Include="Dependencies\libpng\pngmem.c">
      <Filter>Source Files\Dependencies\libpng</Filter>
    </ClCompile>
    <ClCompile Include="Dependencies\libpng\pngpread.c">
      <Filter>Source Files\Dependencies\libpng</Filter>
    </ClCompile>
    <ClCompile Include="Dependencies\libpng\pngread.c">
      <Filter>Source Files\Dependencies\libpng</Filter>
    </ClCompile>
    <ClCompile Include="Dependencies\libpng\pngrio.c">
      <Filter>Source Files\Dependencies\libpng</Filter>
    </ClCompile>
    <ClCompile Include="Dependencies\libpng\pngrtran.c">
      <Filter>Source Files\Dependencies\libpng</Filter>
    </ClCompile>
    <ClCompile Include="Dependencies\libpng\pngrutil.c">
      <Filter>Source Files\Dependencies\libpng</Filter>
    </ClCompile>
    <ClCompile Include="Dependencies\libpng\pngset.c">
      <Filter>Source Files\Dependencies\libpng</Filter>
    </ClCompile>
    <ClCompile Include="Dependencies\libpng\pngtrans.c">
      <Filter>Source Files\Dependencies\libpng</Filter>
    </ClCompile>
    <ClCompile Include="Dependencies\libpng\pngwio.c">
      <Filter>Source Files\Dependencies\libpng</Filter>
    </ClCompile>
    <ClCompile Include="Dependencies\libpng\pngwrite.c">
      <Filter>Source Files\Dependencies\libpng</Filter>
    </ClCompile>
    <ClCompile Include="Dependencies\libpng\pngwtran.c">
      <Filter>Source Files\Dependencies\libpng</Filter>
    </ClCompile>
    <ClCompile Include="Dependencies\libpng\pngwutil.c">
      <Filter>Source Files\Dependencies\libpng</Filter>
    </ClCompile>
    <ClCompile Include="Dependencies\zlib\adler32.c">
      <Filter>Source Files\Dependencies\zlib</Filter>
    </ClCompile>
    <ClCompile Include="Dependencies\zlib\compress.c">
      <Filter>Source Files\Dependencies\zlib</Filter>
    </ClCompile>
    <ClCompile Include="Dependencies\zlib\crc32.c">
      <Filter>Source Files\Dependencies\zlib</Filter>
    </ClCompile>
    <ClCompile Include="Dependencies\zlib\deflate.c">
      <Filter>Source Files\Dependencies\zlib</Filter>
    </ClCompile>
    <ClCompile Include="Dependencies\zlib\gzclose.c">
      <Filter>Source Files\Dependencies\zlib</Filter>
    </ClCompile>
    <ClCompile Include="Dependencies\zlib\gzlib.c">
      <Filter>Source Files\Dependencies\zlib</Filter>
    </ClCompile>
    <ClCompile Include="Dependencies\zlib\gzread.c">
      <Filter>Source Files\Dependencies\zlib</Filter>
    </ClCompile>
    <ClCompile Include="Dependencies\zlib\gzwrite.c">
      <Filter>Source Files\Dependencies\zlib</Filter>
    </ClCompile>
    <ClCompile Include="Dependencies\zlib\infback.c">
      <Filter>Source Files\Dependencies\zlib</Filter>
    </ClCompile>
    <ClCompile Include="Dependencies\zlib\inffast.c">
      <Filter>Source Files\Dependencies\zlib</Filter>
    </ClCompile>
    <ClCompile Include="Dependencies\zlib\inflate.c">
      <Filter>Source Files\Dependencies\zlib</Filter>
    </ClCompile>
    <ClCompile Include="Dependencies\zlib\inftrees.c">
      <Filter>Source Files\Dependencies\zlib</Filter>
    </ClCompile>
    <ClCompile Include="Dependencies\zlib\trees.c">
      <Filter>Source Files\Dependencies\zlib</Filter>
    </ClCompile>
    <ClCompile Include="Dependencies\zlib\uncompr.c">
      <Filter>Source Files\Dependencies\zlib</Filter>
    </ClCompile>
    <ClCompile Include="Dependencies\zlib\zutil.c">
      <Filter>Source Files\Dependencies\zlib</Filter>
    </ClCompile>
    <ClCompile Include="Dependencies\libimagequant\blur.c">
      <Filter>Source Files\Dependencies\libimagequant</Filter>
    </ClCompile>
    <ClCompile Include="Dependencies\libimagequant\kmeans.c">
      <Filter>Source Files\Dependencies\libimagequant</Filter>
    </ClCompile>
    <ClCompile Include="Dependencies\libimagequant\libimagequant.c">
      <Filter>Source Files\Dependencies\libimagequant</Filter>
    </ClCompile>
    <ClCompile Include="Dependencies\libimagequant\mediancut.c">
      <Filter>Source Files\Dependencies\libimagequant</Filter>
    </ClCompile>
    <ClCompile Include="Dependencies\libimagequant\mempool.c">
      <Filter>Source Files\Dependencies\libimagequant</Filter>
    </ClCompile>
    <ClCompile Include="Dependencies\libimagequant\nearest.c">
      <Filter>Source Files\Dependencies\libimagequant</Filter>
    </ClCompile>
    <ClCompile Include="Dependencies\libimagequant\pam.c">
      <Filter>Source Files\Dependencies\libimagequant</Filter>
    </ClCompile>
    <ClCompile Include="Dependencies\libimagequant\remap.c">
      <Filter>Source Files\Dependencies\libimagequant</Filter>
    </ClCompile>
    <ClCompile Include="Animation\Quantizer.cpp">
      <Filter>Source Files\Animation</Filter>
    </ClCompile>
    <ClCompile Include="Windows\AnimStudio.cpp">
      <Filter>Source Files\Windows</Filter>
    </ClCompile>
    <ClCompile Include="Dependencies\apngdisassembler\apng_dis.cpp">
      <Filter>Source Files\Dependencies\apngdisassembler</Filter>
    </ClCompile>
    <ClCompile Include="Animation\AnimationController.cpp">
      <Filter>Source Files\Animation</Filter>
    </ClCompile>
  </ItemGroup>
  <ItemGroup>
    <QtMoc Include="Widgets\SpinnerWidget.h">
      <Filter>Source Files\Widgets</Filter>
    </QtMoc>
    <QtMoc Include="Windows\AnimStudio.h">
      <Filter>Source Files\Windows</Filter>
    </QtMoc>
    <QtMoc Include="Animation\AnimationController.h">
      <Filter>Source Files\Animation</Filter>
    </QtMoc>
  </ItemGroup>
  <ItemGroup>
    <ClInclude Include="Formats\Import\EffImporter.h">
      <Filter>Source Files\Formats\Import</Filter>
    </ClInclude>
    <ClInclude Include="Formats\Import\RawImporter.h">
      <Filter>Source Files\Formats\Import</Filter>
    </ClInclude>
    <ClInclude Include="Formats\Import\AniImporter.h">
      <Filter>Source Files\Formats\Import</Filter>
    </ClInclude>
    <ClInclude Include="Formats\Import\ApngImporter.h">
      <Filter>Source Files\Formats\Import</Filter>
    </ClInclude>
    <ClInclude Include="Dependencies\libpng\png.h">
      <Filter>Source Files\Dependencies\libpng</Filter>
    </ClInclude>
    <ClInclude Include="Dependencies\libpng\pngconf.h">
      <Filter>Source Files\Dependencies\libpng</Filter>
    </ClInclude>
    <ClInclude Include="Dependencies\libpng\pngdebug.h">
      <Filter>Source Files\Dependencies\libpng</Filter>
    </ClInclude>
    <ClInclude Include="Dependencies\libpng\pnginfo.h">
      <Filter>Source Files\Dependencies\libpng</Filter>
    </ClInclude>
    <ClInclude Include="Dependencies\libpng\pnglibconf.h">
      <Filter>Source Files\Dependencies\libpng</Filter>
    </ClInclude>
    <ClInclude Include="Dependencies\libpng\pngpriv.h">
      <Filter>Source Files\Dependencies\libpng</Filter>
    </ClInclude>
    <ClInclude Include="Dependencies\libpng\pngstruct.h">
      <Filter>Source Files\Dependencies\libpng</Filter>
    </ClInclude>
    <ClInclude Include="Dependencies\zlib\crc32.h">
      <Filter>Source Files\Dependencies\zlib</Filter>
    </ClInclude>
    <ClInclude Include="Dependencies\zlib\deflate.h">
      <Filter>Source Files\Dependencies\zlib</Filter>
    </ClInclude>
    <ClInclude Include="Dependencies\zlib\gzguts.h">
      <Filter>Source Files\Dependencies\zlib</Filter>
    </ClInclude>
    <ClInclude Include="Dependencies\zlib\inffast.h">
      <Filter>Source Files\Dependencies\zlib</Filter>
    </ClInclude>
    <ClInclude Include="Dependencies\zlib\inffixed.h">
      <Filter>Source Files\Dependencies\zlib</Filter>
    </ClInclude>
    <ClInclude Include="Dependencies\zlib\inflate.h">
      <Filter>Source Files\Dependencies\zlib</Filter>
    </ClInclude>
    <ClInclude Include="Dependencies\zlib\inftrees.h">
      <Filter>Source Files\Dependencies\zlib</Filter>
    </ClInclude>
    <ClInclude Include="Dependencies\zlib\trees.h">
      <Filter>Source Files\Dependencies\zlib</Filter>
    </ClInclude>
    <ClInclude Include="Dependencies\zlib\zconf.h">
      <Filter>Source Files\Dependencies\zlib</Filter>
    </ClInclude>
    <ClInclude Include="Dependencies\zlib\zlib.h">
      <Filter>Source Files\Dependencies\zlib</Filter>
    </ClInclude>
    <ClInclude Include="Dependencies\zlib\zutil.h">
      <Filter>Source Files\Dependencies\zlib</Filter>
    </ClInclude>
    <ClInclude Include="Dependencies\libimagequant\blur.h">
      <Filter>Source Files\Dependencies\libimagequant</Filter>
    </ClInclude>
    <ClInclude Include="Dependencies\libimagequant\kmeans.h">
      <Filter>Source Files\Dependencies\libimagequant</Filter>
    </ClInclude>
    <ClInclude Include="Dependencies\libimagequant\libimagequant.h">
      <Filter>Source Files\Dependencies\libimagequant</Filter>
    </ClInclude>
    <ClInclude Include="Dependencies\libimagequant\libimagequant_private.h">
      <Filter>Source Files\Dependencies\libimagequant</Filter>
    </ClInclude>
    <ClInclude Include="Dependencies\libimagequant\mediancut.h">
      <Filter>Source Files\Dependencies\libimagequant</Filter>
    </ClInclude>
    <ClInclude Include="Dependencies\libimagequant\mempool.h">
      <Filter>Source Files\Dependencies\libimagequant</Filter>
    </ClInclude>
    <ClInclude Include="Dependencies\libimagequant\nearest.h">
      <Filter>Source Files\Dependencies\libimagequant</Filter>
    </ClInclude>
    <ClInclude Include="Dependencies\libimagequant\pam.h">
      <Filter>Source Files\Dependencies\libimagequant</Filter>
    </ClInclude>
    <ClInclude Include="Dependencies\libimagequant\remap.h">
      <Filter>Source Files\Dependencies\libimagequant</Filter>
    </ClInclude>
    <ClInclude Include="Animation\Quantizer.h">
      <Filter>Source Files\Animation</Filter>
    </ClInclude>
    <ClInclude Include="Animation\AnimationData.h">
      <Filter>Source Files\Animation</Filter>
    </ClInclude>
    <ClInclude Include="Dependencies\apngdisassembler\apng_dis.h">
      <Filter>Source Files\Dependencies\apngdisassembler</Filter>
    </ClInclude>
  </ItemGroup>
  <ItemGroup>
    <QtUic Include="Forms\AnimStudio.ui">
      <Filter>Forms</Filter>
    </QtUic>
  </ItemGroup>
</Project>